
Microsoft Visual Studio Solution File, Format Version 12.00
# Visual Studio Version 16
VisualStudioVersion = 16.0.30907.101
MinimumVisualStudioVersion = 10.0.40219.1
Project("{FAE04EC0-301F-11D3-BF4B-00C04F79EFBC}") = "CaesarCipher", "CaesarCipher.csproj", "{C53D0346-9AAD-4C4B-AD5E-A642B8D7B7CB}"
EndProject
Global
	GlobalSection(SolutionConfigurationPlatforms) = preSolution
		Debug|Any CPU = Debug|Any CPU
		Release|Any CPU = Release|Any CPU
	EndGlobalSection
	GlobalSection(ProjectConfigurationPlatforms) = postSolution
		{C53D0346-9AAD-4C4B-AD5E-A642B8D7B7CB}.Debug|Any CPU.ActiveCfg = Debug|Any CPU
		{C53D0346-9AAD-4C4B-AD5E-A642B8D7B7CB}.Debug|Any CPU.Build.0 = Debug|Any CPU
		{C53D0346-9AAD-4C4B-AD5E-A642B8D7B7CB}.Release|Any CPU.ActiveCfg = Release|Any CPU
		{C53D0346-9AAD-4C4B-AD5E-A642B8D7B7CB}.Release|Any CPU.Build.0 = Release|Any CPU
	EndGlobalSection
	GlobalSection(SolutionProperties) = preSolution
		HideSolutionNode = FALSE
	EndGlobalSection
	GlobalSection(ExtensibilityGlobals) = postSolution
		SolutionGuid = {82C2750F-807C-41A4-ACAE-657428334790}
	EndGlobalSection
EndGlobal
